
Microsoft Visual Studio Solution File, Format Version 12.00
# Visual Studio Version 16
VisualStudioVersion = 16.0.31205.134
MinimumVisualStudioVersion = 10.0.40219.1
Project("{8BC9CEB8-8B4A-11D0-8D11-00A0C91BC942}") = "6.1", "6.1\6.1.vcxproj", "{2B685C36-CBE2-404F-A8CA-2F039D279415}"
EndProject
Global
	GlobalSection(SolutionConfigurationPlatforms) = preSolution
		Debug|x64 = Debug|x64
		Debug|x86 = Debug|x86
		Release|x64 = Release|x64
		Release|x86 = Release|x86
	EndGlobalSection
	GlobalSection(ProjectConfigurationPlatforms) = postSolution
		{2B685C36-CBE2-404F-A8CA-2F039D279415}.Debug|x64.ActiveCfg = Debug|x64
		{2B685C36-CBE2-404F-A8CA-2F039D279415}.Debug|x64.Build.0 = Debug|x64
		{2B685C36-CBE2-404F-A8CA-2F039D279415}.Debug|x86.ActiveCfg = Debug|Win32
		{2B685C36-CBE2-404F-A8CA-2F039D279415}.Debug|x86.Build.0 = Debug|Win32
		{2B685C36-CBE2-404F-A8CA-2F039D279415}.Release|x64.ActiveCfg = Release|x64
		{2B685C36-CBE2-404F-A8CA-2F039D279415}.Release|x64.Build.0 = Release|x64
		{2B685C36-CBE2-404F-A8CA-2F039D279415}.Release|x86.ActiveCfg = Release|Win32
		{2B685C36-CBE2-404F-A8CA-2F039D279415}.Release|x86.Build.0 = Release|Win32
	EndGlobalSection
	GlobalSection(SolutionProperties) = preSolution
		HideSolutionNode = FALSE
	EndGlobalSection
	GlobalSection(ExtensibilityGlobals) = postSolution
		SolutionGuid = {226083C4-0C7A-44F3-A408-0E782624DA51}
	EndGlobalSection
EndGlobal
